
Microsoft Visual Studio Solution File, Format Version 12.00
# Visual Studio Version 17
VisualStudioVersion = 17.1.32228.430
MinimumVisualStudioVersion = 10.0.40219.1
Project("{9A19103F-16F7-4668-BE54-9A1E7A4F7556}") = "DontWreckMyHouse.UI", "DontWreckMyHouse.UI.csproj", "{1235C1EB-F95E-4AC7-9D2A-E6B5917C0F98}"
EndProject
Project("{9A19103F-16F7-4668-BE54-9A1E7A4F7556}") = "DontWreckMyHouse.DAL", "..\DontWreckMyHouse.DAL\DontWreckMyHouse.DAL.csproj", "{380BC333-FB60-441B-8ED3-8F1C4D0A16FC}"
EndProject
Project("{9A19103F-16F7-4668-BE54-9A1E7A4F7556}") = "DontWreckMyHouse.Core", "..\DontWreckMyHouse.Core\DontWreckMyHouse.Core.csproj", "{03F21A11-F52D-4E74-A130-3F4CEB017326}"
EndProject
Project("{9A19103F-16F7-4668-BE54-9A1E7A4F7556}") = "DontWreckMyHouse.BLL.Tests", "..\DontWreckMyHouse.BLL.Tests\DontWreckMyHouse.BLL.Tests.csproj", "{994D7F11-A4BC-4B20-AAAA-CD399CCBA6ED}"
EndProject
Project("{9A19103F-16F7-4668-BE54-9A1E7A4F7556}") = "DontWreckMyHouse.DAL.Tests", "..\DontWreckMyHouse.DAL.Tests\DontWreckMyHouse.DAL.Tests.csproj", "{AE1CECF1-3B03-47A4-B822-EB99CA37B9CD}"
EndProject
Project("{FAE04EC0-301F-11D3-BF4B-00C04F79EFBC}") = "DontWreckMyHouse.BLL", "..\DontWreckMyHouse.BLL\DontWreckMyHouse.BLL.csproj", "{73156E17-4F62-4A1E-ABC2-50FBD92A49C6}"
EndProject
Global
	GlobalSection(SolutionConfigurationPlatforms) = preSolution
		Debug|Any CPU = Debug|Any CPU
		Release|Any CPU = Release|Any CPU
	EndGlobalSection
	GlobalSection(ProjectConfigurationPlatforms) = postSolution
		{1235C1EB-F95E-4AC7-9D2A-E6B5917C0F98}.Debug|Any CPU.ActiveCfg = Debug|Any CPU
		{1235C1EB-F95E-4AC7-9D2A-E6B5917C0F98}.Debug|Any CPU.Build.0 = Debug|Any CPU
		{1235C1EB-F95E-4AC7-9D2A-E6B5917C0F98}.Release|Any CPU.ActiveCfg = Release|Any CPU
		{1235C1EB-F95E-4AC7-9D2A-E6B5917C0F98}.Release|Any CPU.Build.0 = Release|Any CPU
		{380BC333-FB60-441B-8ED3-8F1C4D0A16FC}.Debug|Any CPU.ActiveCfg = Debug|Any CPU
		{380BC333-FB60-441B-8ED3-8F1C4D0A16FC}.Debug|Any CPU.Build.0 = Debug|Any CPU
		{380BC333-FB60-441B-8ED3-8F1C4D0A16FC}.Release|Any CPU.ActiveCfg = Release|Any CPU
		{380BC333-FB60-441B-8ED3-8F1C4D0A16FC}.Release|Any CPU.Build.0 = Release|Any CPU
		{03F21A11-F52D-4E74-A130-3F4CEB017326}.Debug|Any CPU.ActiveCfg = Debug|Any CPU
		{03F21A11-F52D-4E74-A130-3F4CEB017326}.Debug|Any CPU.Build.0 = Debug|Any CPU
		{03F21A11-F52D-4E74-A130-3F4CEB017326}.Release|Any CPU.ActiveCfg = Release|Any CPU
		{03F21A11-F52D-4E74-A130-3F4CEB017326}.Release|Any CPU.Build.0 = Release|Any CPU
		{994D7F11-A4BC-4B20-AAAA-CD399CCBA6ED}.Debug|Any CPU.ActiveCfg = Debug|Any CPU
		{994D7F11-A4BC-4B20-AAAA-CD399CCBA6ED}.Debug|Any CPU.Build.0 = Debug|Any CPU
		{994D7F11-A4BC-4B20-AAAA-CD399CCBA6ED}.Release|Any CPU.ActiveCfg = Release|Any CPU
		{994D7F11-A4BC-4B20-AAAA-CD399CCBA6ED}.Release|Any CPU.Build.0 = Release|Any CPU
		{AE1CECF1-3B03-47A4-B822-EB99CA37B9CD}.Debug|Any CPU.ActiveCfg = Debug|Any CPU
		{AE1CECF1-3B03-47A4-B822-EB99CA37B9CD}.Debug|Any CPU.Build.0 = Debug|Any CPU
		{AE1CECF1-3B03-47A4-B822-EB99CA37B9CD}.Release|Any CPU.ActiveCfg = Release|Any CPU
		{AE1CECF1-3B03-47A4-B822-EB99CA37B9CD}.Release|Any CPU.Build.0 = Release|Any CPU
		{73156E17-4F62-4A1E-ABC2-50FBD92A49C6}.Debug|Any CPU.ActiveCfg = Debug|Any CPU
		{73156E17-4F62-4A1E-ABC2-50FBD92A49C6}.Debug|Any CPU.Build.0 = Debug|Any CPU
		{73156E17-4F62-4A1E-ABC2-50FBD92A49C6}.Release|Any CPU.ActiveCfg = Release|Any CPU
		{73156E17-4F62-4A1E-ABC2-50FBD92A49C6}.Release|Any CPU.Build.0 = Release|Any CPU
	EndGlobalSection
	GlobalSection(SolutionProperties) = preSolution
		HideSolutionNode = FALSE
	EndGlobalSection
	GlobalSection(ExtensibilityGlobals) = postSolution
		SolutionGuid = {C3606EBE-11D8-41E2-A6BA-8EE1332C97AD}
	EndGlobalSection
EndGlobal
